// !$*UTF8*$!
{
	archiveVersion = 1;
	classes = {
	};
	objectVersion = 50;
	objects = {

/* Begin PBXBuildFile section */
		284E29FC22B3A2E900738CBA /* AppDelegate.m in Sources */ = {isa = PBXBuildFile; fileRef = 284E29FB22B3A2E900738CBA /* AppDelegate.m */; };
		284E29FF22B3A2E900738CBA /* SceneDelegate.m in Sources */ = {isa = PBXBuildFile; fileRef = 284E29FE22B3A2E900738CBA /* SceneDelegate.m */; };
		284E2A0222B3A2E900738CBA /* ViewController.m in Sources */ = {isa = PBXBuildFile; fileRef = 284E2A0122B3A2E900738CBA /* ViewController.m */; };
		284E2A0522B3A2E900738CBA /* Main.storyboard in Resources */ = {isa = PBXBuildFile; fileRef = 284E2A0322B3A2E900738CBA /* Main.storyboard */; };
		284E2A0722B3A2EA00738CBA /* Assets.xcassets in Resources */ = {isa = PBXBuildFile; fileRef = 284E2A0622B3A2EA00738CBA /* Assets.xcassets */; };
		284E2A0A22B3A2EA00738CBA /* LaunchScreen.storyboard in Resources */ = {isa = PBXBuildFile; fileRef = 284E2A0822B3A2EA00738CBA /* LaunchScreen.storyboard */; };
		284E2A0D22B3A2EA00738CBA /* main.m in Sources */ = {isa = PBXBuildFile; fileRef = 284E2A0C22B3A2EA00738CBA /* main.m */; };
/* End PBXBuildFile section */

/* Begin PBXFileReference section */
		284E29F722B3A2E900738CBA /* JFTTextViewAttachment.app */ = {isa = PBXFileReference; explicitFileType = wrapper.application; includeInIndex = 0; path = JFTTextViewAttachment.app; sourceTree = BUILT_PRODUCTS_DIR; };
		284E29FA22B3A2E900738CBA /* AppDelegate.h */ = {isa = PBXFileReference; lastKnownFileType = sourcecode.c.h; path = AppDelegate.h; sourceTree = "<group>"; };
		284E29FB22B3A2E900738CBA /* AppDelegate.m */ = {isa = PBXFileReference; lastKnownFileType = sourcecode.c.objc; path = AppDelegate.m; sourceTree = "<group>"; };
		284E29FD22B3A2E900738CBA /* SceneDelegate.h */ = {isa = PBXFileReference; lastKnownFileType = sourcecode.c.h; path = SceneDelegate.h; sourceTree = "<group>"; };
		284E29FE22B3A2E900738CBA /* SceneDelegate.m */ = {isa = PBXFileReference; lastKnownFileType = sourcecode.c.objc; path = SceneDelegate.m; sourceTree = "<group>"; };
		284E2A0022B3A2E900738CBA /* ViewController.h */ = {isa = PBXFileReference; lastKnownFileType = sourcecode.c.h; path = ViewController.h; sourceTree = "<group>"; };
		284E2A0122B3A2E900738CBA /* ViewController.m */ = {isa = PBXFileReference; lastKnownFileType = sourcecode.c.objc; path = ViewController.m; sourceTree = "<group>"; };
		284E2A0422B3A2E900738CBA /* Base */ = {isa = PBXFileReference; lastKnownFileType = file.storyboard; name = Base; path = Base.lproj/Main.storyboard; sourceTree = "<group>"; };
		284E2A0622B3A2EA00738CBA /* Assets.xcassets */ = {isa = PBXFileReference; lastKnownFileType = folder.assetcatalog; path = Assets.xcassets; sourceTree = "<group>"; };
		284E2A0922B3A2EA00738CBA /* Base */ = {isa = PBXFileReference; lastKnownFileType = file.storyboard; name = Base; path = Base.lproj/LaunchScreen.storyboard; sourceTree = "<group>"; };
		284E2A0B22B3A2EA00738CBA /* Info.plist */ = {isa = PBXFileReference; lastKnownFileType = text.plist.xml; path = Info.plist; sourceTree = "<group>"; };
		284E2A0C22B3A2EA00738CBA /* main.m */ = {isa = PBXFileReference; lastKnownFileType = sourcecode.c.objc; path = main.m; sourceTree = "<group>"; };
/* End PBXFileReference section */

/* Begin PBXFrameworksBuildPhase section */
		284E29F422B3A2E900738CBA /* Frameworks */ = {
			isa = PBXFrameworksBuildPhase;
			buildActionMask = 2147483647;
			files = (
			);
			runOnlyForDeploymentPostprocessing = 0;
		};
/* End PBXFrameworksBuildPhase section */

/* Begin PBXGroup section */
		284E29EE22B3A2E900738CBA = {
			isa = PBXGroup;
			children = (
				284E29F922B3A2E900738CBA /* JFTTextViewAttachment */,
				284E29F822B3A2E900738CBA /* Products */,
			);
			sourceTree = "<group>";
		};
		284E29F822B3A2E900738CBA /* Products */ = {
			isa = PBXGroup;
			children = (
				284E29F722B3A2E900738CBA /* JFTTextViewAttachment.app */,
			);
			name = Products;
			sourceTree = "<group>";
		};
		284E29F922B3A2E900738CBA /* JFTTextViewAttachment */ = {
			isa = PBXGroup;
			children = (
				284E29FA22B3A2E900738CBA /* AppDelegate.h */,
				284E29FB22B3A2E900738CBA /* AppDelegate.m */,
				284E29FD22B3A2E900738CBA /* SceneDelegate.h */,
				284E29FE22B3A2E900738CBA /* SceneDelegate.m */,
				284E2A0022B3A2E900738CBA /* ViewController.h */,
				284E2A0122B3A2E900738CBA /* ViewController.m */,
				284E2A0322B3A2E900738CBA /* Main.storyboard */,
				284E2A0622B3A2EA00738CBA /* Assets.xcassets */,
				284E2A0822B3A2EA00738CBA /* LaunchScreen.storyboard */,
				284E2A0B22B3A2EA00738CBA /* Info.plist */,
				284E2A0C22B3A2EA00738CBA /* main.m */,
			);
			path = JFTTextViewAttachment;
			sourceTree = "<group>";
		};
/* End PBXGroup section */

/* Begin PBXNativeTarget section */
		284E29F622B3A2E900738CBA /* JFTTextViewAttachment */ = {
			isa = PBXNativeTarget;
			buildConfigurationList = 284E2A1022B3A2EA00738CBA /* Build configuration list for PBXNativeTarget "JFTTextViewAttachment" */;
			buildPhases = (
				284E29F322B3A2E900738CBA /* Sources */,
				284E29F422B3A2E900738CBA /* Frameworks */,
				284E29F522B3A2E900738CBA /* Resources */,
			);
			buildRules = (
			);
			dependencies = (
			);
			name = JFTTextViewAttachment;
			productName = JFTTextViewAttachment;
			productReference = 284E29F722B3A2E900738CBA /* JFTTextViewAttachment.app */;
			productType = "com.apple.product-type.application";
		};
/* End PBXNativeTarget section */

/* Begin PBXProject section */
		284E29EF22B3A2E900738CBA /* Project object */ = {
			isa = PBXProject;
			attributes = {
				LastUpgradeCheck = 1100;
				ORGANIZATIONNAME = jft0m;
				TargetAttributes = {
					284E29F622B3A2E900738CBA = {
						CreatedOnToolsVersion = 11.0;
					};
				};
			};
			buildConfigurationList = 284E29F222B3A2E900738CBA /* Build configuration list for PBXProject "JFTTextViewAttachment" */;
			compatibilityVersion = "Xcode 9.3";
			developmentRegion = en;
			hasScannedForEncodings = 0;
			knownRegions = (
				en,
				Base,
			);
			mainGroup = 284E29EE22B3A2E900738CBA;
			productRefGroup = 284E29F822B3A2E900738CBA /* Products */;
			projectDirPath = "";
			projectRoot = "";
			targets = (
				284E29F622B3A2E900738CBA /* JFTTextViewAttachment */,
			);
		};
/* End PBXProject section */

/* Begin PBXResourcesBuildPhase section */
		284E29F522B3A2E900738CBA /* Resources */ = {
			isa = PBXResourcesBuildPhase;
			buildActionMask = 2147483647;
			files = (
				284E2A0A22B3A2EA00738CBA /* LaunchScreen.storyboard in Resources */,
				284E2A0722B3A2EA00738CBA /* Assets.xcassets in Resources */,
				284E2A0522B3A2E900738CBA /* Main.storyboard in Resources */,
			);
			runOnlyForDeploymentPostprocessing = 0;
		};
/* End PBXResourcesBuildPhase section */

/* Begin PBXSourcesBuildPhase section */
		284E29F322B3A2E900738CBA /* Sources */ = {
			isa = PBXSourcesBuildPhase;
			buildActionMask = 2147483647;
			files = (
				284E2A0222B3A2E900738CBA /* ViewController.m in Sources */,
				284E29FC22B3A2E900738CBA /* AppDelegate.m in Sources */,
				284E2A0D22B3A2EA00738CBA /* main.m in Sources */,
				284E29FF22B3A2E900738CBA /* SceneDelegate.m in Sources */,
			);
			runOnlyForDeploymentPostprocessing = 0;
		};
/* End PBXSourcesBuildPhase section */

/* Begin PBXVariantGroup section */
		284E2A0322B3A2E900738CBA /* Main.storyboard */ = {
			isa = PBXVariantGroup;
			children = (
				284E2A0422B3A2E900738CBA /* Base */,
			);
			name = Main.storyboard;
			sourceTree = "<group>";
		};
		284E2A0822B3A2EA00738CBA /* LaunchScreen.storyboard */ = {
			isa = PBXVariantGroup;
			children = (
				284E2A0922B3A2EA00738CBA /* Base */,
			);
			name = LaunchScreen.storyboard;
			sourceTree = "<group>";
		};
/* End PBXVariantGroup section */

/* Begin XCBuildConfiguration section */
		284E2A0E22B3A2EA00738CBA /* Debug */ = {
			isa = XCBuildConfiguration;
			buildSettings = {
				ALWAYS_SEARCH_USER_PATHS = NO;
				CLANG_ANALYZER_NONNULL = YES;
				CLANG_ANALYZER_NUMBER_OBJECT_CONVERSION = YES_AGGRESSIVE;
				CLANG_CXX_LANGUAGE_STANDARD = "gnu++14";
				CLANG_CXX_LIBRARY = "libc++";
				CLANG_ENABLE_MODULES = YES;
				CLANG_ENABLE_OBJC_ARC = YES;
				CLANG_ENABLE_OBJC_WEAK = YES;
				CLANG_WARN_BLOCK_CAPTURE_AUTORELEASING = YES;
				CLANG_WARN_BOOL_CONVERSION = YES;
				CLANG_WARN_COMMA = YES;
				CLANG_WARN_CONSTANT_CONVERSION = YES;
				CLANG_WARN_DEPRECATED_OBJC_IMPLEMENTATIONS = YES;
				CLANG_WARN_DIRECT_OBJC_ISA_USAGE = YES_ERROR;
				CLANG_WARN_DOCUMENTATION_COMMENTS = YES;
				CLANG_WARN_EMPTY_BODY = YES;
				CLANG_WARN_ENUM_CONVERSION = YES;
				CLANG_WARN_INFINITE_RECURSION = YES;
				CLANG_WARN_INT_CONVERSION = YES;
				CLANG_WARN_NON_LITERAL_NULL_CONVERSION = YES;
				CLANG_WARN_OBJC_IMPLICIT_RETAIN_SELF = YES;
				CLANG_WARN_OBJC_LITERAL_CONVERSION = YES;
				CLANG_WARN_OBJC_ROOT_CLASS = YES_ERROR;
				CLANG_WARN_RANGE_LOOP_ANALYSIS = YES;
				CLANG_WARN_STRICT_PROTOTYPES = YES;
				CLANG_WARN_SUSPICIOUS_MOVE = YES;
				CLANG_WARN_UNGUARDED_AVAILABILITY = YES_AGGRESSIVE;
				CLANG_WARN_UNREACHABLE_CODE = YES;
				CLANG_WARN__DUPLICATE_METHOD_MATCH = YES;
				COPY_PHASE_STRIP = NO;
				DEBUG_INFORMATION_FORMAT = dwarf;
				ENABLE_STRICT_OBJC_MSGSEND = YES;
				ENABLE_TESTABILITY = YES;
				GCC_C_LANGUAGE_STANDARD = gnu11;
				GCC_DYNAMIC_NO_PIC = NO;
				GCC_NO_COMMON_BLOCKS = YES;
				GCC_OPTIMIZATION_LEVEL = 0;
				GCC_PREPROCESSOR_DEFINITIONS = (
					"DEBUG=1",
					"$(inherited)",
				);
				GCC_WARN_64_TO_32_BIT_CONVERSION = YES;
				GCC_WARN_ABOUT_RETURN_TYPE = YES_ERROR;
				GCC_WARN_UNDECLARED_SELECTOR = YES;
				GCC_WARN_UNINITIALIZED_AUTOS = YES_AGGRESSIVE;
				GCC_WARN_UNUSED_FUNCTION = YES;
				GCC_WARN_UNUSED_VARIABLE = YES;
				IPHONEOS_DEPLOYMENT_TARGET = 13.0;
				MTL_ENABLE_DEBUG_INFO = INCLUDE_SOURCE;
				MTL_FAST_MATH = YES;
				ONLY_ACTIVE_ARCH = YES;
				SDKROOT = iphoneos;
			};
			name = Debug;
		};
		284E2A0F22B3A2EA00738CBA /* Release */ = {
			isa = XCBuildConfiguration;
			buildSettings = {
				ALWAYS_SEARCH_USER_PATHS = NO;
				CLANG_ANALYZER_NONNULL = YES;
				CLANG_ANALYZER_NUMBER_OBJECT_CONVERSION = YES_AGGRESSIVE;
				CLANG_CXX_LANGUAGE_STANDARD = "gnu++14";
				CLANG_CXX_LIBRARY = "libc++";
				CLANG_ENABLE_MODULES = YES;
				CLANG_ENABLE_OBJC_ARC = YES;
				CLANG_ENABLE_OBJC_WEAK = YES;
				CLANG_WARN_BLOCK_CAPTURE_AUTORELEASING = YES;
				CLANG_WARN_BOOL_CONVERSION = YES;
				CLANG_WARN_COMMA = YES;
				CLANG_WARN_CONSTANT_CONVERSION = YES;
				CLANG_WARN_DEPRECATED_OBJC_IMPLEMENTATIONS = YES;
				CLANG_WARN_DIRECT_OBJC_ISA_USAGE = YES_ERROR;
				CLANG_WARN_DOCUMENTATION_COMMENTS = YES;
				CLANG_WARN_EMPTY_BODY = YES;
				CLANG_WARN_ENUM_CONVERSION = YES;
				CLANG_WARN_INFINITE_RECURSION = YES;
				CLANG_WARN_INT_CONVERSION = YES;
				CLANG_WARN_NON_LITERAL_NULL_CONVERSION = YES;
				CLANG_WARN_OBJC_IMPLICIT_RETAIN_SELF = YES;
				CLANG_WARN_OBJC_LITERAL_CONVERSION = YES;
				CLANG_WARN_OBJC_ROOT_CLASS = YES_ERROR;
				CLANG_WARN_RANGE_LOOP_ANALYSIS = YES;
				CLANG_WARN_STRICT_PROTOTYPES = YES;
				CLANG_WARN_SUSPICIOUS_MOVE = YES;
				CLANG_WARN_UNGUARDED_AVAILABILITY = YES_AGGRESSIVE;
				CLANG_WARN_UNREACHABLE_CODE = YES;
				CLANG_WARN__DUPLICATE_METHOD_MATCH = YES;
				COPY_PHASE_STRIP = NO;
				DEBUG_INFORMATION_FORMAT = "dwarf-with-dsym";
				ENABLE_NS_ASSERTIONS = NO;
				ENABLE_STRICT_OBJC_MSGSEND = YES;
				GCC_C_LANGUAGE_STANDARD = gnu11;
				GCC_NO_COMMON_BLOCKS = YES;
				GCC_WARN_64_TO_32_BIT_CONVERSION = YES;
				GCC_WARN_ABOUT_RETURN_TYPE = YES_ERROR;
				GCC_WARN_UNDECLARED_SELECTOR = YES;
				GCC_WARN_UNINITIALIZED_AUTOS = YES_AGGRESSIVE;
				GCC_WARN_UNUSED_FUNCTION = YES;
				GCC_WARN_UNUSED_VARIABLE = YES;
				IPHONEOS_DEPLOYMENT_TARGET = 13.0;
				MTL_ENABLE_DEBUG_INFO = NO;
				MTL_FAST_MATH = YES;
				SDKROOT = iphoneos;
				VALIDATE_PRODUCT = YES;
			};
			name = Release;
		};
		284E2A1122B3A2EA00738CBA /* Debug */ = {
			isa = XCBuildConfiguration;
			buildSettings = {
				ASSETCATALOG_COMPILER_APPICON_NAME = AppIcon;
				CODE_SIGN_STYLE = Automatic;
				INFOPLIST_FILE = JFTTextViewAttachment/Info.plist;
				LD_RUNPATH_SEARCH_PATHS = (
					"$(inherited)",
					"@executable_path/Frameworks",
				);
				PRODUCT_BUNDLE_IDENTIFIER = jft0m.JFTTextViewAttachment;
				PRODUCT_NAME = "$(TARGET_NAME)";
				TARGETED_DEVICE_FAMILY = "1,2";
			};
			name = Debug;
		};
		284E2A1222B3A2EA00738CBA /* Release */ = {
			isa = XCBuildConfiguration;
			buildSettings = {
				ASSETCATALOG_COMPILER_APPICON_NAME = AppIcon;
				CODE_SIGN_STYLE = Automatic;
				INFOPLIST_FILE = JFTTextViewAttachment/Info.plist;
				LD_RUNPATH_SEARCH_PATHS = (
					"$(inherited)",
					"@executable_path/Frameworks",
				);
				PRODUCT_BUNDLE_IDENTIFIER = jft0m.JFTTextViewAttachment;
				PRODUCT_NAME = "$(TARGET_NAME)";
				TARGETED_DEVICE_FAMILY = "1,2";
			};
			name = Release;
		};
/* End XCBuildConfiguration section */

/* Begin XCConfigurationList section */
		284E29F222B3A2E900738CBA /* Build configuration list for PBXProject "JFTTextViewAttachment" */ = {
			isa = XCConfigurationList;
			buildConfigurations = (
				284E2A0E22B3A2EA00738CBA /* Debug */,
				284E2A0F22B3A2EA00738CBA /* Release */,
			);
			defaultConfigurationIsVisible = 0;
			defaultConfigurationName = Release;
		};
		284E2A1022B3A2EA00738CBA /* Build configuration list for PBXNativeTarget "JFTTextViewAttachment" */ = {
			isa = XCConfigurationList;
			buildConfigurations = (
				284E2A1122B3A2EA00738CBA /* Debug */,
				284E2A1222B3A2EA00738CBA /* Release */,
			);
			defaultConfigurationIsVisible = 0;
			defaultConfigurationName = Release;
		};
/* End XCConfigurationList section */
	};
	rootObject = 284E29EF22B3A2E900738CBA /* Project object */;
}
